
Microsoft Visual Studio Solution File, Format Version 12.00
# Visual Studio Version 17
VisualStudioVersion = 17.4.33122.133
MinimumVisualStudioVersion = 10.0.40219.1
Project("{FAE04EC0-301F-11D3-BF4B-00C04F79EFBC}") = "KubeApi", "KubeApi\KubeApi.csproj", "{DDA99322-3FD3-4D01-959A-778140D58FA7}"
EndProject
Global
	GlobalSection(SolutionConfigurationPlatforms) = preSolution
		Debug|Any CPU = Debug|Any CPU
		Release|Any CPU = Release|Any CPU
	EndGlobalSection
	GlobalSection(ProjectConfigurationPlatforms) = postSolution
		{DDA99322-3FD3-4D01-959A-778140D58FA7}.Debug|Any CPU.ActiveCfg = Debug|Any CPU
		{DDA99322-3FD3-4D01-959A-778140D58FA7}.Debug|Any CPU.Build.0 = Debug|Any CPU
		{DDA99322-3FD3-4D01-959A-778140D58FA7}.Release|Any CPU.ActiveCfg = Release|Any CPU
		{DDA99322-3FD3-4D01-959A-778140D58FA7}.Release|Any CPU.Build.0 = Release|Any CPU
	EndGlobalSection
	GlobalSection(SolutionProperties) = preSolution
		HideSolutionNode = FALSE
	EndGlobalSection
	GlobalSection(ExtensibilityGlobals) = postSolution
		SolutionGuid = {BB4836C7-433E-49EE-958B-A83072A4CDA7}
	EndGlobalSection
EndGlobal
